schema: '2.0'
stages:
  make_dataset:
    cmd: python -m spotify_api_examples.dataset data/raw/favorite_artists.txt data/raw/dataset.json
      --limit=0
    deps:
    - path: data/raw/favorite_artists.txt
      hash: md5
      md5: 8bca90b002eedad69c8b51ded3586a91
      size: 340
    - path: spotify_api_examples/dataset.py
      hash: md5
      md5: e45939830942d42bd69ededbc4d0cf4a
      size: 2998
    outs:
    - path: data/raw/dataset.json
      hash: md5
      md5: 4ec525aa6fe2ba3264d55a29322f6518
      size: 932755
  upload_data_to_surrealdb:
    cmd: python -m spotify_api_examples.upload_data_to_surrealdb data/raw/dataset.json
      data/interim/last_upload_status.json
    deps:
    - path: data/raw/dataset.json
      hash: md5
      md5: 4ec525aa6fe2ba3264d55a29322f6518
      size: 932755
    - path: spotify_api_examples/upload_data_to_surrealdb.py
      hash: md5
      md5: cfa7b1b173bb4740a5fbbd32b82ebd64
      size: 4005
    outs:
    - path: data/interim/last_upload_status.json
      hash: md5
      md5: 1fc341ffdffe5e41270c03d884b6f2fe
      size: 634502
  visualize:
    cmd: python -m spotify_api_examples.visualize data/processed/graph.html
    deps:
    - path: data/interim/last_upload_status.json
      hash: md5
      md5: 1fc341ffdffe5e41270c03d884b6f2fe
      size: 634502
    - path: spotify_api_examples/visualize.py
      hash: md5
      md5: 854f67a26f711bfba730740d2823b9af
      size: 2706
    outs:
    - path: data/processed/graph.html
      hash: md5
      md5: 2c2a825e27a0d48ac0bdcfe0cc446d92
      size: 109348
