schema: '2.0'
stages:
  make_dataset:
    cmd: python -m spotify_api_examples.dataset data/raw/favorite_artists.txt data/raw/dataset.json
      --limit=0
    deps:
    - path: data/raw/favorite_artists.txt
      hash: md5
      md5: 5cb2d5268387fb5a94a74ab7c1e8b7c0
      size: 319
    - path: spotify_api_examples/dataset.py
      hash: md5
      md5: e45939830942d42bd69ededbc4d0cf4a
      size: 2998
    outs:
    - path: data/raw/dataset.json
      hash: md5
      md5: 44b11f59e4845281b000805be6649b3e
      size: 900221
  upload_data_to_surrealdb:
    cmd: python -m spotify_api_examples.upload_data_to_surrealdb data/raw/dataset.json
      data/interim/last_upload_status.json
    deps:
    - path: data/raw/dataset.json
      hash: md5
      md5: 44b11f59e4845281b000805be6649b3e
      size: 900221
    - path: spotify_api_examples/upload_data_to_surrealdb.py
      hash: md5
      md5: cfa7b1b173bb4740a5fbbd32b82ebd64
      size: 4005
    outs:
    - path: data/interim/last_upload_status.json
      hash: md5
      md5: 143db1a1b0f26b6ee3ecef2919d40866
      size: 592469
  visualize:
    cmd: python -m spotify_api_examples.visualize data/processed/graph.html
    deps:
    - path: data/interim/last_upload_status.json
      hash: md5
      md5: 143db1a1b0f26b6ee3ecef2919d40866
      size: 592469
    - path: spotify_api_examples/visualize.py
      hash: md5
      md5: db26fd417c945a6b589080e4f80bdca9
      size: 2254
    outs:
    - path: data/processed/graph.html
      hash: md5
      md5: e4a4a1e5a6a25cdc2eefe5723cdfc807
      size: 101875
